
Microsoft Visual Studio Solution File, Format Version 12.00
# Visual Studio Version 16
VisualStudioVersion = 16.0.31410.357
MinimumVisualStudioVersion = 10.0.40219.1
Project("{2150E333-8FDC-42A3-9474-1A3956D46DE8}") = "Src", "Src", "{4DCAA259-FEC4-4760-B73B-EDE114030C75}"
EndProject
Project("{9A19103F-16F7-4668-BE54-9A1E7A4F7556}") = "NKS.Customers.API", "NKS.Customers.API\NKS.Customers.API.csproj", "{FF83BF85-6AC2-4C46-8AF8-3AEC53E68671}"
EndProject
Project("{9A19103F-16F7-4668-BE54-9A1E7A4F7556}") = "NKS.Customers.Core", "NKS.Customers.Core\NKS.Customers.Core.csproj", "{A0A17816-857D-4EEF-90A1-8DA9EC7EABBC}"
EndProject
Project("{9A19103F-16F7-4668-BE54-9A1E7A4F7556}") = "NKS.Customers.Infrastructure", "NKS.Customers.Infrastructure\NKS.Customers.Infrastructure.csproj", "{345D1122-5B6A-41B4-8690-9275BF41DACE}"
EndProject
Project("{2150E333-8FDC-42A3-9474-1A3956D46DE8}") = "Documents", "Documents", "{F9C129CB-07C2-490A-BF63-70AC17B29692}"
	ProjectSection(SolutionItems) = preProject
		Notes.html = Notes.html
	EndProjectSection
EndProject
Project("{00D1A9C2-B5F0-4AF3-8072-F6C62B433612}") = "NKS.Customers.SQLDatabase", "NKS.Customers.SQLDatabase\NKS.Customers.SQLDatabase.sqlproj", "{B98681A0-F634-4729-9AD7-57F67326D61C}"
EndProject
Global
	GlobalSection(SolutionConfigurationPlatforms) = preSolution
		Debug|Any CPU = Debug|Any CPU
		Release|Any CPU = Release|Any CPU
	EndGlobalSection
	GlobalSection(ProjectConfigurationPlatforms) = postSolution
		{FF83BF85-6AC2-4C46-8AF8-3AEC53E68671}.Debug|Any CPU.ActiveCfg = Debug|Any CPU
		{FF83BF85-6AC2-4C46-8AF8-3AEC53E68671}.Debug|Any CPU.Build.0 = Debug|Any CPU
		{FF83BF85-6AC2-4C46-8AF8-3AEC53E68671}.Release|Any CPU.ActiveCfg = Release|Any CPU
		{FF83BF85-6AC2-4C46-8AF8-3AEC53E68671}.Release|Any CPU.Build.0 = Release|Any CPU
		{A0A17816-857D-4EEF-90A1-8DA9EC7EABBC}.Debug|Any CPU.ActiveCfg = Debug|Any CPU
		{A0A17816-857D-4EEF-90A1-8DA9EC7EABBC}.Debug|Any CPU.Build.0 = Debug|Any CPU
		{A0A17816-857D-4EEF-90A1-8DA9EC7EABBC}.Release|Any CPU.ActiveCfg = Release|Any CPU
		{A0A17816-857D-4EEF-90A1-8DA9EC7EABBC}.Release|Any CPU.Build.0 = Release|Any CPU
		{345D1122-5B6A-41B4-8690-9275BF41DACE}.Debug|Any CPU.ActiveCfg = Debug|Any CPU
		{345D1122-5B6A-41B4-8690-9275BF41DACE}.Debug|Any CPU.Build.0 = Debug|Any CPU
		{345D1122-5B6A-41B4-8690-9275BF41DACE}.Release|Any CPU.ActiveCfg = Release|Any CPU
		{345D1122-5B6A-41B4-8690-9275BF41DACE}.Release|Any CPU.Build.0 = Release|Any CPU
		{B98681A0-F634-4729-9AD7-57F67326D61C}.Debug|Any CPU.ActiveCfg = Debug|Any CPU
		{B98681A0-F634-4729-9AD7-57F67326D61C}.Debug|Any CPU.Build.0 = Debug|Any CPU
		{B98681A0-F634-4729-9AD7-57F67326D61C}.Debug|Any CPU.Deploy.0 = Debug|Any CPU
		{B98681A0-F634-4729-9AD7-57F67326D61C}.Release|Any CPU.ActiveCfg = Release|Any CPU
		{B98681A0-F634-4729-9AD7-57F67326D61C}.Release|Any CPU.Build.0 = Release|Any CPU
		{B98681A0-F634-4729-9AD7-57F67326D61C}.Release|Any CPU.Deploy.0 = Release|Any CPU
	EndGlobalSection
	GlobalSection(SolutionProperties) = preSolution
		HideSolutionNode = FALSE
	EndGlobalSection
	GlobalSection(NestedProjects) = preSolution
		{FF83BF85-6AC2-4C46-8AF8-3AEC53E68671} = {4DCAA259-FEC4-4760-B73B-EDE114030C75}
		{A0A17816-857D-4EEF-90A1-8DA9EC7EABBC} = {4DCAA259-FEC4-4760-B73B-EDE114030C75}
		{345D1122-5B6A-41B4-8690-9275BF41DACE} = {4DCAA259-FEC4-4760-B73B-EDE114030C75}
	EndGlobalSection
	GlobalSection(ExtensibilityGlobals) = postSolution
		SolutionGuid = {F342F38A-F420-4FF1-B169-D36446A4357A}
	EndGlobalSection
EndGlobal
